
Microsoft Visual Studio Solution File, Format Version 12.00
# Visual Studio 14
VisualStudioVersion = 14.0.23107.0
MinimumVisualStudioVersion = 10.0.40219.1
Project("{FAE04EC0-301F-11D3-BF4B-00C04F79EFBC}") = "APS3periodo", "APS3periodo\APS3periodo.csproj", "{C17D53AA-9830-4445-B014-E453AD0FE0C3}"
EndProject
Global
	GlobalSection(SolutionConfigurationPlatforms) = preSolution
		Debug|Any CPU = Debug|Any CPU
		Release|Any CPU = Release|Any CPU
	EndGlobalSection
	GlobalSection(ProjectConfigurationPlatforms) = postSolution
		{C17D53AA-9830-4445-B014-E453AD0FE0C3}.Debug|Any CPU.ActiveCfg = Debug|Any CPU
		{C17D53AA-9830-4445-B014-E453AD0FE0C3}.Debug|Any CPU.Build.0 = Debug|Any CPU
		{C17D53AA-9830-4445-B014-E453AD0FE0C3}.Release|Any CPU.ActiveCfg = Release|Any CPU
		{C17D53AA-9830-4445-B014-E453AD0FE0C3}.Release|Any CPU.Build.0 = Release|Any CPU
	EndGlobalSection
	GlobalSection(SolutionProperties) = preSolution
		HideSolutionNode = FALSE
	EndGlobalSection
EndGlobal
